{
  "name": "vul10",
  "version": "1.0.0",
  "lockfileVersion": 1,
  "requires": true,
  "dependencies": {
    "camelcase": {
      "version": "3.0.0",
      "resolved": "https://registry.npmjs.org/camelcase/-/camelcase-3.0.0.tgz",
      "integrity": "sha1-MvxLn82vhF/N9+c7uXysImHwqwo="
    },
    "yargs-parser": {
      "version": "5.0.0",
      "resolved": "https://registry.npmjs.org/yargs-parser/-/yargs-parser-5.0.0.tgz",
      "integrity": "sha1-J17PDX/+Bcd+ZOfIbkzZS/DhIoo=",
      "requires": {
        "camelcase": "^3.0.0"
      }
    }
  }
}
